
Microsoft Visual Studio Solution File, Format Version 12.00
# Visual Studio 14
VisualStudioVersion = 14.0.25420.1
MinimumVisualStudioVersion = 10.0.40219.1
Project("{FAE04EC0-301F-11D3-BF4B-00C04F79EFBC}") = "HomeCollector", "HomeCollector\HomeCollector.csproj", "{57312F0E-3C88-4B95-AEE5-F454CF5F469A}"
EndProject
Project("{FAE04EC0-301F-11D3-BF4B-00C04F79EFBC}") = "HomeCollector_UnitTests", "HomeCollector_UnitTests\HomeCollector_UnitTests.csproj", "{12B49246-C7B3-4333-81BC-CF69812808C3}"
EndProject
Project("{FAE04EC0-301F-11D3-BF4B-00C04F79EFBC}") = "HomeCollector_IntegrationTests", "HomeCollection_IntegrationTests\HomeCollector_IntegrationTests.csproj", "{2F2AB422-3F1D-457E-91C3-AA6A3DFA55EC}"
EndProject
Global
	GlobalSection(SolutionConfigurationPlatforms) = preSolution
		Debug|Any CPU = Debug|Any CPU
		Release|Any CPU = Release|Any CPU
	EndGlobalSection
	GlobalSection(ProjectConfigurationPlatforms) = postSolution
		{57312F0E-3C88-4B95-AEE5-F454CF5F469A}.Debug|Any CPU.ActiveCfg = Debug|Any CPU
		{57312F0E-3C88-4B95-AEE5-F454CF5F469A}.Debug|Any CPU.Build.0 = Debug|Any CPU
		{57312F0E-3C88-4B95-AEE5-F454CF5F469A}.Release|Any CPU.ActiveCfg = Release|Any CPU
		{57312F0E-3C88-4B95-AEE5-F454CF5F469A}.Release|Any CPU.Build.0 = Release|Any CPU
		{12B49246-C7B3-4333-81BC-CF69812808C3}.Debug|Any CPU.ActiveCfg = Debug|Any CPU
		{12B49246-C7B3-4333-81BC-CF69812808C3}.Debug|Any CPU.Build.0 = Debug|Any CPU
		{12B49246-C7B3-4333-81BC-CF69812808C3}.Release|Any CPU.ActiveCfg = Release|Any CPU
		{12B49246-C7B3-4333-81BC-CF69812808C3}.Release|Any CPU.Build.0 = Release|Any CPU
		{2F2AB422-3F1D-457E-91C3-AA6A3DFA55EC}.Debug|Any CPU.ActiveCfg = Debug|Any CPU
		{2F2AB422-3F1D-457E-91C3-AA6A3DFA55EC}.Debug|Any CPU.Build.0 = Debug|Any CPU
		{2F2AB422-3F1D-457E-91C3-AA6A3DFA55EC}.Release|Any CPU.ActiveCfg = Release|Any CPU
		{2F2AB422-3F1D-457E-91C3-AA6A3DFA55EC}.Release|Any CPU.Build.0 = Release|Any CPU
	EndGlobalSection
	GlobalSection(SolutionProperties) = preSolution
		HideSolutionNode = FALSE
	EndGlobalSection
EndGlobal
